
Microsoft Visual Studio Solution File, Format Version 12.00
# Visual Studio Version 16
VisualStudioVersion = 16.0.30717.126
MinimumVisualStudioVersion = 10.0.40219.1
Project("{FAE04EC0-301F-11D3-BF4B-00C04F79EFBC}") = "V1-T1-18", "V1-T1-18.csproj", "{5E95FB86-139D-4777-B82B-31BEF167FB43}"
EndProject
Global
	GlobalSection(SolutionConfigurationPlatforms) = preSolution
		Debug|Any CPU = Debug|Any CPU
		Release|Any CPU = Release|Any CPU
	EndGlobalSection
	GlobalSection(ProjectConfigurationPlatforms) = postSolution
		{5E95FB86-139D-4777-B82B-31BEF167FB43}.Debug|Any CPU.ActiveCfg = Debug|Any CPU
		{5E95FB86-139D-4777-B82B-31BEF167FB43}.Debug|Any CPU.Build.0 = Debug|Any CPU
		{5E95FB86-139D-4777-B82B-31BEF167FB43}.Release|Any CPU.ActiveCfg = Release|Any CPU
		{5E95FB86-139D-4777-B82B-31BEF167FB43}.Release|Any CPU.Build.0 = Release|Any CPU
	EndGlobalSection
	GlobalSection(SolutionProperties) = preSolution
		HideSolutionNode = FALSE
	EndGlobalSection
	GlobalSection(ExtensibilityGlobals) = postSolution
		SolutionGuid = {31076AB7-5F64-4BCD-88F0-33397A0BB922}
	EndGlobalSection
EndGlobal
