
Microsoft Visual Studio Solution File, Format Version 12.00
# Visual Studio Version 16
VisualStudioVersion = 16.0.30717.126
MinimumVisualStudioVersion = 10.0.40219.1
Project("{FAE04EC0-301F-11D3-BF4B-00C04F79EFBC}") = "V1-T1-14", "V1-T1-14.csproj", "{369FCCF7-C037-4115-A209-0D27DEE47307}"
EndProject
Global
	GlobalSection(SolutionConfigurationPlatforms) = preSolution
		Debug|Any CPU = Debug|Any CPU
		Release|Any CPU = Release|Any CPU
	EndGlobalSection
	GlobalSection(ProjectConfigurationPlatforms) = postSolution
		{369FCCF7-C037-4115-A209-0D27DEE47307}.Debug|Any CPU.ActiveCfg = Debug|Any CPU
		{369FCCF7-C037-4115-A209-0D27DEE47307}.Debug|Any CPU.Build.0 = Debug|Any CPU
		{369FCCF7-C037-4115-A209-0D27DEE47307}.Release|Any CPU.ActiveCfg = Release|Any CPU
		{369FCCF7-C037-4115-A209-0D27DEE47307}.Release|Any CPU.Build.0 = Release|Any CPU
	EndGlobalSection
	GlobalSection(SolutionProperties) = preSolution
		HideSolutionNode = FALSE
	EndGlobalSection
	GlobalSection(ExtensibilityGlobals) = postSolution
		SolutionGuid = {248B5606-5BCD-4AC5-A989-210A73F56477}
	EndGlobalSection
EndGlobal
