
Microsoft Visual Studio Solution File, Format Version 12.00
# Visual Studio Version 16
VisualStudioVersion = 16.0.30711.63
MinimumVisualStudioVersion = 10.0.40219.1
Project("{FAE04EC0-301F-11D3-BF4B-00C04F79EFBC}") = "Viikko1_T1-02", "Viikko1_T1-02.csproj", "{332DD1F5-F873-4199-B1F1-4707C1A9B556}"
EndProject
Global
	GlobalSection(SolutionConfigurationPlatforms) = preSolution
		Debug|Any CPU = Debug|Any CPU
		Release|Any CPU = Release|Any CPU
	EndGlobalSection
	GlobalSection(ProjectConfigurationPlatforms) = postSolution
		{332DD1F5-F873-4199-B1F1-4707C1A9B556}.Debug|Any CPU.ActiveCfg = Debug|Any CPU
		{332DD1F5-F873-4199-B1F1-4707C1A9B556}.Debug|Any CPU.Build.0 = Debug|Any CPU
		{332DD1F5-F873-4199-B1F1-4707C1A9B556}.Release|Any CPU.ActiveCfg = Release|Any CPU
		{332DD1F5-F873-4199-B1F1-4707C1A9B556}.Release|Any CPU.Build.0 = Release|Any CPU
	EndGlobalSection
	GlobalSection(SolutionProperties) = preSolution
		HideSolutionNode = FALSE
	EndGlobalSection
	GlobalSection(ExtensibilityGlobals) = postSolution
		SolutionGuid = {37F6D4AE-D771-4E59-8C79-2EB63B4BB433}
	EndGlobalSection
EndGlobal
