
Microsoft Visual Studio Solution File, Format Version 12.00
# Visual Studio Version 16
VisualStudioVersion = 16.0.30717.126
MinimumVisualStudioVersion = 10.0.40219.1
Project("{FAE04EC0-301F-11D3-BF4B-00C04F79EFBC}") = "V1-T1-07", "V1-T1-07.csproj", "{C8F99DB8-DF7C-47E1-AA32-42EAA003FA36}"
EndProject
Global
	GlobalSection(SolutionConfigurationPlatforms) = preSolution
		Debug|Any CPU = Debug|Any CPU
		Release|Any CPU = Release|Any CPU
	EndGlobalSection
	GlobalSection(ProjectConfigurationPlatforms) = postSolution
		{C8F99DB8-DF7C-47E1-AA32-42EAA003FA36}.Debug|Any CPU.ActiveCfg = Debug|Any CPU
		{C8F99DB8-DF7C-47E1-AA32-42EAA003FA36}.Debug|Any CPU.Build.0 = Debug|Any CPU
		{C8F99DB8-DF7C-47E1-AA32-42EAA003FA36}.Release|Any CPU.ActiveCfg = Release|Any CPU
		{C8F99DB8-DF7C-47E1-AA32-42EAA003FA36}.Release|Any CPU.Build.0 = Release|Any CPU
	EndGlobalSection
	GlobalSection(SolutionProperties) = preSolution
		HideSolutionNode = FALSE
	EndGlobalSection
	GlobalSection(ExtensibilityGlobals) = postSolution
		SolutionGuid = {7396DB03-70C8-46B2-B184-C589B1AEF6F3}
	EndGlobalSection
EndGlobal
