
Microsoft Visual Studio Solution File, Format Version 12.00
# Visual Studio Version 16
VisualStudioVersion = 16.0.30717.126
MinimumVisualStudioVersion = 10.0.40219.1
Project("{FAE04EC0-301F-11D3-BF4B-00C04F79EFBC}") = "V1-T1-07c", "V1-T1-07c.csproj", "{7AA82089-1501-4462-AC79-A85F0B462E05}"
EndProject
Global
	GlobalSection(SolutionConfigurationPlatforms) = preSolution
		Debug|Any CPU = Debug|Any CPU
		Release|Any CPU = Release|Any CPU
	EndGlobalSection
	GlobalSection(ProjectConfigurationPlatforms) = postSolution
		{7AA82089-1501-4462-AC79-A85F0B462E05}.Debug|Any CPU.ActiveCfg = Debug|Any CPU
		{7AA82089-1501-4462-AC79-A85F0B462E05}.Debug|Any CPU.Build.0 = Debug|Any CPU
		{7AA82089-1501-4462-AC79-A85F0B462E05}.Release|Any CPU.ActiveCfg = Release|Any CPU
		{7AA82089-1501-4462-AC79-A85F0B462E05}.Release|Any CPU.Build.0 = Release|Any CPU
	EndGlobalSection
	GlobalSection(SolutionProperties) = preSolution
		HideSolutionNode = FALSE
	EndGlobalSection
	GlobalSection(ExtensibilityGlobals) = postSolution
		SolutionGuid = {7AB45CBD-1112-4099-B0F6-6304991E51D8}
	EndGlobalSection
EndGlobal
