
Microsoft Visual Studio Solution File, Format Version 12.00
# Visual Studio Version 16
VisualStudioVersion = 16.0.30717.126
MinimumVisualStudioVersion = 10.0.40219.1
Project("{FAE04EC0-301F-11D3-BF4B-00C04F79EFBC}") = "V1-T2-04", "V1-T2-04.csproj", "{4F5A4E1F-13F8-4B9C-A69C-C6E9B8BCDE5F}"
EndProject
Global
	GlobalSection(SolutionConfigurationPlatforms) = preSolution
		Debug|Any CPU = Debug|Any CPU
		Release|Any CPU = Release|Any CPU
	EndGlobalSection
	GlobalSection(ProjectConfigurationPlatforms) = postSolution
		{4F5A4E1F-13F8-4B9C-A69C-C6E9B8BCDE5F}.Debug|Any CPU.ActiveCfg = Debug|Any CPU
		{4F5A4E1F-13F8-4B9C-A69C-C6E9B8BCDE5F}.Debug|Any CPU.Build.0 = Debug|Any CPU
		{4F5A4E1F-13F8-4B9C-A69C-C6E9B8BCDE5F}.Release|Any CPU.ActiveCfg = Release|Any CPU
		{4F5A4E1F-13F8-4B9C-A69C-C6E9B8BCDE5F}.Release|Any CPU.Build.0 = Release|Any CPU
	EndGlobalSection
	GlobalSection(SolutionProperties) = preSolution
		HideSolutionNode = FALSE
	EndGlobalSection
	GlobalSection(ExtensibilityGlobals) = postSolution
		SolutionGuid = {BC231354-F150-4285-903C-EF3B77320747}
	EndGlobalSection
EndGlobal
