
Microsoft Visual Studio Solution File, Format Version 12.00
# Visual Studio Version 16
VisualStudioVersion = 16.0.30711.63
MinimumVisualStudioVersion = 10.0.40219.1
Project("{FAE04EC0-301F-11D3-BF4B-00C04F79EFBC}") = "viikko1-t1-01", "viikko1-t1-01.csproj", "{711B0252-1AA8-45E7-B0D5-A49D70EBE3E0}"
EndProject
Global
	GlobalSection(SolutionConfigurationPlatforms) = preSolution
		Debug|Any CPU = Debug|Any CPU
		Release|Any CPU = Release|Any CPU
	EndGlobalSection
	GlobalSection(ProjectConfigurationPlatforms) = postSolution
		{711B0252-1AA8-45E7-B0D5-A49D70EBE3E0}.Debug|Any CPU.ActiveCfg = Debug|Any CPU
		{711B0252-1AA8-45E7-B0D5-A49D70EBE3E0}.Debug|Any CPU.Build.0 = Debug|Any CPU
		{711B0252-1AA8-45E7-B0D5-A49D70EBE3E0}.Release|Any CPU.ActiveCfg = Release|Any CPU
		{711B0252-1AA8-45E7-B0D5-A49D70EBE3E0}.Release|Any CPU.Build.0 = Release|Any CPU
	EndGlobalSection
	GlobalSection(SolutionProperties) = preSolution
		HideSolutionNode = FALSE
	EndGlobalSection
	GlobalSection(ExtensibilityGlobals) = postSolution
		SolutionGuid = {4DBF1E2F-FFC2-442E-BE8A-A39738EED217}
	EndGlobalSection
EndGlobal
